// !$*UTF8*$!
{
	archiveVersion = 1;
	classes = {
	};
	objectVersion = 46;
	objects = {

/* Begin PBXBuildFile section */
		284D7AB6195D784200BF3377 /* GLUT.framework in Frameworks */ = {isa = PBXBuildFile; fileRef = 284D7AB5195D784200BF3377 /* GLUT.framework */; };
		E45BE97B0E8CC7DD009D7055 /* AGL.framework in Frameworks */ = {isa = PBXBuildFile; fileRef = E45BE9710E8CC7DD009D7055 /* AGL.framework */; };
		E45BE97C0E8CC7DD009D7055 /* ApplicationServices.framework in Frameworks */ = {isa = PBXBuildFile; fileRef = E45BE9720E8CC7DD009D7055 /* ApplicationServices.framework */; };
		E45BE97D0E8CC7DD009D7055 /* AudioToolbox.framework in Frameworks */ = {isa = PBXBuildFile; fileRef = E45BE9730E8CC7DD009D7055 /* AudioToolbox.framework */; };
		E45BE97E0E8CC7DD009D7055 /* Carbon.framework in Frameworks */ = {isa = PBXBuildFile; fileRef = E45BE9740E8CC7DD009D7055 /* Carbon.framework */; };
		E45BE97F0E8CC7DD009D7055 /* CoreAudio.framework in Frameworks */ = {isa = PBXBuildFile; fileRef = E45BE9750E8CC7DD009D7055 /* CoreAudio.framework */; };
		E45BE9800E8CC7DD009D7055 /* CoreFoundation.framework in Frameworks */ = {isa = PBXBuildFile; fileRef = E45BE9760E8CC7DD009D7055 /* CoreFoundation.framework */; };
		E45BE9810E8CC7DD009D7055 /* CoreServices.framework in Frameworks */ = {isa = PBXBuildFile; fileRef = E45BE9770E8CC7DD009D7055 /* CoreServices.framework */; };
		E45BE9830E8CC7DD009D7055 /* OpenGL.framework in Frameworks */ = {isa = PBXBuildFile; fileRef = E45BE9790E8CC7DD009D7055 /* OpenGL.framework */; };
		E45BE9840E8CC7DD009D7055 /* QuickTime.framework in Frameworks */ = {isa = PBXBuildFile; fileRef = E45BE97A0E8CC7DD009D7055 /* QuickTime.framework */; };
		E4B69E200A3A1BDC003C02F2 /* main.cpp in Sources */ = {isa = PBXBuildFile; fileRef = E4B69E1D0A3A1BDC003C02F2 /* main.cpp */; };
		E4B69E210A3A1BDC003C02F2 /* testApp.cpp in Sources */ = {isa = PBXBuildFile; fileRef = E4B69E1E0A3A1BDC003C02F2 /* testApp.cpp */; };
		E4C2424710CC5A17004149E2 /* AppKit.framework in Frameworks */ = {isa = PBXBuildFile; fileRef = E4C2424410CC5A17004149E2 /* AppKit.framework */; };
		E4C2424810CC5A17004149E2 /* Cocoa.framework in Frameworks */ = {isa = PBXBuildFile; fileRef = E4C2424510CC5A17004149E2 /* Cocoa.framework */; };
		E4C2424910CC5A17004149E2 /* IOKit.framework in Frameworks */ = {isa = PBXBuildFile; fileRef = E4C2424610CC5A17004149E2 /* IOKit.framework */; };
		E77ECB8D15EDE63C005A8D48 /* Accelerate.framework in Frameworks */ = {isa = PBXBuildFile; fileRef = E77ECB8C15EDE63C005A8D48 /* Accelerate.framework */; };
		E77ECB9015EDE643005A8D48 /* QTKit.framework in Frameworks */ = {isa = PBXBuildFile; fileRef = E77ECB8F15EDE643005A8D48 /* QTKit.framework */; };
		E77ECB9215EDE648005A8D48 /* CoreVideo.framework in Frameworks */ = {isa = PBXBuildFile; fileRef = E77ECB9115EDE648005A8D48 /* CoreVideo.framework */; };
/* End PBXBuildFile section */

/* Begin PBXContainerItemProxy section */
		284D7A5F195D77BF00BF3377 /* PBXContainerItemProxy */ = {
			isa = PBXContainerItemProxy;
			containerPortal = 284D7A5B195D77BE00BF3377 /* openFrameworksLib.xcodeproj */;
			proxyType = 2;
			remoteGlobalIDString = E4B27C1510CBEB8E00536013;
			remoteInfo = openFrameworks;
		};
/* End PBXContainerItemProxy section */

/* Begin PBXCopyFilesBuildPhase section */
		E4C2427710CC5ABF004149E2 /* CopyFiles */ = {
			isa = PBXCopyFilesBuildPhase;
			buildActionMask = 2147483647;
			dstPath = "";
			dstSubfolderSpec = 10;
			files = (
			);
			runOnlyForDeploymentPostprocessing = 0;
		};
/* End PBXCopyFilesBuildPhase section */

/* Begin PBXFileReference section */
		2805A77D195D8C4400CD1813 /* install.xml */ = {isa = PBXFileReference; lastKnownFileType = text.xml; path = install.xml; sourceTree = "<group>"; };
		2805A782195D8C4400CD1813 /* IpEndpointName.cpp */ = {isa = PBXFileReference; lastKnownFileType = sourcecode.cpp.cpp; path = IpEndpointName.cpp; sourceTree = "<group>"; };
		2805A783195D8C4400CD1813 /* IpEndpointName.h */ = {isa = PBXFileReference; lastKnownFileType = sourcecode.c.h; path = IpEndpointName.h; sourceTree = "<group>"; };
		2805A784195D8C4400CD1813 /* NetworkingUtils.h */ = {isa = PBXFileReference; lastKnownFileType = sourcecode.c.h; path = NetworkingUtils.h; sourceTree = "<group>"; };
		2805A785195D8C4400CD1813 /* PacketListener.h */ = {isa = PBXFileReference; lastKnownFileType = sourcecode.c.h; path = PacketListener.h; sourceTree = "<group>"; };
		2805A787195D8C4400CD1813 /* NetworkingUtils.cpp */ = {isa = PBXFileReference; lastKnownFileType = sourcecode.cpp.cpp; path = NetworkingUtils.cpp; sourceTree = "<group>"; };
		2805A788195D8C4400CD1813 /* UdpSocket.cpp */ = {isa = PBXFileReference; lastKnownFileType = sourcecode.cpp.cpp; path = UdpSocket.cpp; sourceTree = "<group>"; };
		2805A789195D8C4400CD1813 /* TimerListener.h */ = {isa = PBXFileReference; lastKnownFileType = sourcecode.c.h; path = TimerListener.h; sourceTree = "<group>"; };
		2805A78A195D8C4400CD1813 /* UdpSocket.h */ = {isa = PBXFileReference; lastKnownFileType = sourcecode.c.h; path = UdpSocket.h; sourceTree = "<group>"; };
		2805A78C195D8C4500CD1813 /* NetworkingUtilsWin.cpp */ = {isa = PBXFileReference; lastKnownFileType = sourcecode.cpp.cpp; path = NetworkingUtilsWin.cpp; sourceTree = "<group>"; };
		2805A78D195D8C4500CD1813 /* UdpSocketWin.cpp */ = {isa = PBXFileReference; lastKnownFileType = sourcecode.cpp.cpp; path = UdpSocketWin.cpp; sourceTree = "<group>"; };
		2805A78F195D8C4500CD1813 /* MessageMappingOscPacketListener.h */ = {isa = PBXFileReference; lastKnownFileType = sourcecode.c.h; path = MessageMappingOscPacketListener.h; sourceTree = "<group>"; };
		2805A790195D8C4500CD1813 /* OscException.h */ = {isa = PBXFileReference; lastKnownFileType = sourcecode.c.h; path = OscException.h; sourceTree = "<group>"; };
		2805A791195D8C4500CD1813 /* OscHostEndianness.h */ = {isa = PBXFileReference; lastKnownFileType = sourcecode.c.h; path = OscHostEndianness.h; sourceTree = "<group>"; };
		2805A792195D8C4500CD1813 /* OscOutboundPacketStream.cpp */ = {isa = PBXFileReference; lastKnownFileType = sourcecode.cpp.cpp; path = OscOutboundPacketStream.cpp; sourceTree = "<group>"; };
		2805A793195D8C4500CD1813 /* OscOutboundPacketStream.h */ = {isa = PBXFileReference; lastKnownFileType = sourcecode.c.h; path = OscOutboundPacketStream.h; sourceTree = "<group>"; };
		2805A794195D8C4500CD1813 /* OscPacketListener.h */ = {isa = PBXFileReference; lastKnownFileType = sourcecode.c.h; path = OscPacketListener.h; sourceTree = "<group>"; };
		2805A795195D8C4500CD1813 /* OscPrintReceivedElements.cpp */ = {isa = PBXFileReference; lastKnownFileType = sourcecode.cpp.cpp; path = OscPrintReceivedElements.cpp; sourceTree = "<group>"; };
		2805A796195D8C4500CD1813 /* OscPrintReceivedElements.h */ = {isa = PBXFileReference; lastKnownFileType = sourcecode.c.h; path = OscPrintReceivedElements.h; sourceTree = "<group>"; };
		2805A797195D8C4500CD1813 /* OscReceivedElements.cpp */ = {isa = PBXFileReference; lastKnownFileType = sourcecode.cpp.cpp; path = OscReceivedElements.cpp; sourceTree = "<group>"; };
		2805A798195D8C4500CD1813 /* OscReceivedElements.h */ = {isa = PBXFileReference; lastKnownFileType = sourcecode.c.h; path = OscReceivedElements.h; sourceTree = "<group>"; };
		2805A799195D8C4500CD1813 /* OscTypes.cpp */ = {isa = PBXFileReference; lastKnownFileType = sourcecode.cpp.cpp; path = OscTypes.cpp; sourceTree = "<group>"; };
		2805A79A195D8C4500CD1813 /* OscTypes.h */ = {isa = PBXFileReference; lastKnownFileType = sourcecode.c.h; path = OscTypes.h; sourceTree = "<group>"; };
		2805A79C195D8C4500CD1813 /* ofxOsc.h */ = {isa = PBXFileReference; lastKnownFileType = sourcecode.c.h; path = ofxOsc.h; sourceTree = "<group>"; };
		2805A79D195D8C4500CD1813 /* ofxOscArg.h */ = {isa = PBXFileReference; lastKnownFileType = sourcecode.c.h; path = ofxOscArg.h; sourceTree = "<group>"; };
		2805A79E195D8C4500CD1813 /* ofxOscBundle.cpp */ = {isa = PBXFileReference; lastKnownFileType = sourcecode.cpp.cpp; path = ofxOscBundle.cpp; sourceTree = "<group>"; };
		2805A79F195D8C4500CD1813 /* ofxOscBundle.h */ = {isa = PBXFileReference; lastKnownFileType = sourcecode.c.h; path = ofxOscBundle.h; sourceTree = "<group>"; };
		2805A7A0195D8C4500CD1813 /* ofxOscMessage.cpp */ = {isa = PBXFileReference; lastKnownFileType = sourcecode.cpp.cpp; path = ofxOscMessage.cpp; sourceTree = "<group>"; };
		2805A7A1195D8C4500CD1813 /* ofxOscMessage.h */ = {isa = PBXFileReference; lastKnownFileType = sourcecode.c.h; path = ofxOscMessage.h; sourceTree = "<group>"; };
		2805A7A2195D8C4500CD1813 /* ofxOscReceiver.cpp */ = {isa = PBXFileReference; lastKnownFileType = sourcecode.cpp.cpp; path = ofxOscReceiver.cpp; sourceTree = "<group>"; };
		2805A7A3195D8C4500CD1813 /* ofxOscReceiver.h */ = {isa = PBXFileReference; lastKnownFileType = sourcecode.c.h; path = ofxOscReceiver.h; sourceTree = "<group>"; };
		2805A7A4195D8C4500CD1813 /* ofxOscSender.cpp */ = {isa = PBXFileReference; lastKnownFileType = sourcecode.cpp.cpp; path = ofxOscSender.cpp; sourceTree = "<group>"; };
		2805A7A5195D8C4500CD1813 /* ofxOscSender.h */ = {isa = PBXFileReference; lastKnownFileType = sourcecode.c.h; path = ofxOscSender.h; sourceTree = "<group>"; };
		284D7A5A195D77B200BF3377 /* CoreOF.xcconfig */ = {isa = PBXFileReference; lastKnownFileType = text.xcconfig; name = CoreOF.xcconfig; path = ../../../openFrameworks/libs/openFrameworksCompiled/project/osx/CoreOF.xcconfig; sourceTree = "<group>"; };
		284D7A5B195D77BE00BF3377 /* openFrameworksLib.xcodeproj */ = {isa = PBXFileReference; lastKnownFileType = "wrapper.pb-project"; name = openFrameworksLib.xcodeproj; path = ../../../openFrameworks/libs/openFrameworksCompiled/project/osx/openFrameworksLib.xcodeproj; sourceTree = "<group>"; };
		284D7A6F195D77FB00BF3377 /* ofxMSAInteractiveObject.cpp */ = {isa = PBXFileReference; lastKnownFileType = sourcecode.cpp.cpp; path = ofxMSAInteractiveObject.cpp; sourceTree = "<group>"; };
		284D7A70195D77FB00BF3377 /* ofxMSAInteractiveObject.h */ = {isa = PBXFileReference; lastKnownFileType = sourcecode.c.h; path = ofxMSAInteractiveObject.h; sourceTree = "<group>"; };
		284D7A73195D781700BF3377 /* main.cpp */ = {isa = PBXFileReference; lastKnownFileType = sourcecode.cpp.cpp; path = main.cpp; sourceTree = "<group>"; };
		284D7A74195D781700BF3377 /* testApp.cpp */ = {isa = PBXFileReference; lastKnownFileType = sourcecode.cpp.cpp; path = testApp.cpp; sourceTree = "<group>"; };
		284D7A75195D781700BF3377 /* testApp.h */ = {isa = PBXFileReference; lastKnownFileType = sourcecode.c.h; path = testApp.h; sourceTree = "<group>"; };
		284D7A76195D781700BF3377 /* install.xml */ = {isa = PBXFileReference; lastKnownFileType = text.xml; path = install.xml; sourceTree = "<group>"; };
		284D7A77195D781700BF3377 /* ofxaddons_thumbnail.png */ = {isa = PBXFileReference; lastKnownFileType = image.png; path = ofxaddons_thumbnail.png; sourceTree = "<group>"; };
		284D7A78195D781700BF3377 /* ReadMe.md */ = {isa = PBXFileReference; lastKnownFileType = text; path = ReadMe.md; sourceTree = "<group>"; };
		284D7A7A195D781700BF3377 /* ofxTimeMeasurements.cpp */ = {isa = PBXFileReference; lastKnownFileType = sourcecode.cpp.cpp; path = ofxTimeMeasurements.cpp; sourceTree = "<group>"; };
		284D7A7B195D781700BF3377 /* ofxTimeMeasurements.h */ = {isa = PBXFileReference; lastKnownFileType = sourcecode.c.h; path = ofxTimeMeasurements.h; sourceTree = "<group>"; };
		284D7A7E195D781F00BF3377 /* tinyxml.cpp */ = {isa = PBXFileReference; lastKnownFileType = sourcecode.cpp.cpp; path = tinyxml.cpp; sourceTree = "<group>"; };
		284D7A7F195D781F00BF3377 /* tinyxml.h */ = {isa = PBXFileReference; lastKnownFileType = sourcecode.c.h; path = tinyxml.h; sourceTree = "<group>"; };
		284D7A80195D781F00BF3377 /* tinyxmlerror.cpp */ = {isa = PBXFileReference; lastKnownFileType = sourcecode.cpp.cpp; path = tinyxmlerror.cpp; sourceTree = "<group>"; };
		284D7A81195D781F00BF3377 /* tinyxmlparser.cpp */ = {isa = PBXFileReference; lastKnownFileType = sourcecode.cpp.cpp; path = tinyxmlparser.cpp; sourceTree = "<group>"; };
		284D7A83195D781F00BF3377 /* ofxXmlSettings.cpp */ = {isa = PBXFileReference; lastKnownFileType = sourcecode.cpp.cpp; path = ofxXmlSettings.cpp; sourceTree = "<group>"; };
		284D7A84195D781F00BF3377 /* ofxXmlSettings.h */ = {isa = PBXFileReference; lastKnownFileType = sourcecode.c.h; path = ofxXmlSettings.h; sourceTree = "<group>"; };
		284D7A86195D782A00BF3377 /* .gitignore */ = {isa = PBXFileReference; lastKnownFileType = text; path = .gitignore; sourceTree = "<group>"; };
		284D7A8A195D782A00BF3377 /* .gitkeep */ = {isa = PBXFileReference; lastKnownFileType = text; path = .gitkeep; sourceTree = "<group>"; };
		284D7A8C195D782A00BF3377 /* main.cpp */ = {isa = PBXFileReference; lastKnownFileType = sourcecode.cpp.cpp; path = main.cpp; sourceTree = "<group>"; };
		284D7A8D195D782A00BF3377 /* testApp.cpp */ = {isa = PBXFileReference; lastKnownFileType = sourcecode.cpp.cpp; path = testApp.cpp; sourceTree = "<group>"; };
		284D7A8E195D782A00BF3377 /* testApp.h */ = {isa = PBXFileReference; lastKnownFileType = sourcecode.c.h; path = testApp.h; sourceTree = "<group>"; };
		284D7A8F195D782A00BF3377 /* license.md */ = {isa = PBXFileReference; lastKnownFileType = text; path = license.md; sourceTree = "<group>"; };
		284D7A90195D782A00BF3377 /* README.md */ = {isa = PBXFileReference; lastKnownFileType = text; path = README.md; sourceTree = "<group>"; };
		284D7A93195D782A00BF3377 /* ofxSimpleGuiButton.cpp */ = {isa = PBXFileReference; lastKnownFileType = sourcecode.cpp.cpp; path = ofxSimpleGuiButton.cpp; sourceTree = "<group>"; };
		284D7A94195D782A00BF3377 /* ofxSimpleGuiButton.h */ = {isa = PBXFileReference; lastKnownFileType = sourcecode.c.h; path = ofxSimpleGuiButton.h; sourceTree = "<group>"; };
		284D7A95195D782A00BF3377 /* ofxSimpleGuiColorPicker.cpp */ = {isa = PBXFileReference; lastKnownFileType = sourcecode.cpp.cpp; path = ofxSimpleGuiColorPicker.cpp; sourceTree = "<group>"; };
		284D7A96195D782A00BF3377 /* ofxSimpleGuiColorPicker.h */ = {isa = PBXFileReference; lastKnownFileType = sourcecode.c.h; path = ofxSimpleGuiColorPicker.h; sourceTree = "<group>"; };
		284D7A97195D782A00BF3377 /* ofxSimpleGuiComboBox.cpp */ = {isa = PBXFileReference; lastKnownFileType = sourcecode.cpp.cpp; path = ofxSimpleGuiComboBox.cpp; sourceTree = "<group>"; };
		284D7A98195D782A00BF3377 /* ofxSimpleGuiComboBox.h */ = {isa = PBXFileReference; lastKnownFileType = sourcecode.c.h; path = ofxSimpleGuiComboBox.h; sourceTree = "<group>"; };
		284D7A99195D782A00BF3377 /* ofxSimpleGuiContent.cpp */ = {isa = PBXFileReference; lastKnownFileType = sourcecode.cpp.cpp; path = ofxSimpleGuiContent.cpp; sourceTree = "<group>"; };
		284D7A9A195D782A00BF3377 /* ofxSimpleGuiContent.h */ = {isa = PBXFileReference; lastKnownFileType = sourcecode.c.h; path = ofxSimpleGuiContent.h; sourceTree = "<group>"; };
		284D7A9B195D782A00BF3377 /* ofxSimpleGuiFPSCounter.cpp */ = {isa = PBXFileReference; lastKnownFileType = sourcecode.cpp.cpp; path = ofxSimpleGuiFPSCounter.cpp; sourceTree = "<group>"; };
		284D7A9C195D782A00BF3377 /* ofxSimpleGuiFPSCounter.h */ = {isa = PBXFileReference; lastKnownFileType = sourcecode.c.h; path = ofxSimpleGuiFPSCounter.h; sourceTree = "<group>"; };
		284D7A9D195D782A00BF3377 /* ofxSimpleGuiMovieSlider.cpp */ = {isa = PBXFileReference; lastKnownFileType = sourcecode.cpp.cpp; path = ofxSimpleGuiMovieSlider.cpp; sourceTree = "<group>"; };
		284D7A9E195D782A00BF3377 /* ofxSimpleGuiMovieSlider.h */ = {isa = PBXFileReference; lastKnownFileType = sourcecode.c.h; path = ofxSimpleGuiMovieSlider.h; sourceTree = "<group>"; };
		284D7A9F195D782A00BF3377 /* ofxSimpleGuiQuadWarp.cpp */ = {isa = PBXFileReference; lastKnownFileType = sourcecode.cpp.cpp; path = ofxSimpleGuiQuadWarp.cpp; sourceTree = "<group>"; };
		284D7AA0195D782A00BF3377 /* ofxSimpleGuiQuadWarp.h */ = {isa = PBXFileReference; lastKnownFileType = sourcecode.c.h; path = ofxSimpleGuiQuadWarp.h; sourceTree = "<group>"; };
		284D7AA1195D782A00BF3377 /* ofxSimpleGuiSlider2d.cpp */ = {isa = PBXFileReference; lastKnownFileType = sourcecode.cpp.cpp; path = ofxSimpleGuiSlider2d.cpp; sourceTree = "<group>"; };
		284D7AA2195D782A00BF3377 /* ofxSimpleGuiSlider2d.h */ = {isa = PBXFileReference; lastKnownFileType = sourcecode.c.h; path = ofxSimpleGuiSlider2d.h; sourceTree = "<group>"; };
		284D7AA3195D782A00BF3377 /* ofxSimpleGuiSliderBase.h */ = {isa = PBXFileReference; lastKnownFileType = sourcecode.c.h; path = ofxSimpleGuiSliderBase.h; sourceTree = "<group>"; };
		284D7AA4195D782A00BF3377 /* ofxSimpleGuiSliderFloat.h */ = {isa = PBXFileReference; lastKnownFileType = sourcecode.c.h; path = ofxSimpleGuiSliderFloat.h; sourceTree = "<group>"; };
		284D7AA5195D782A00BF3377 /* ofxSimpleGuiSliderInt.h */ = {isa = PBXFileReference; lastKnownFileType = sourcecode.c.h; path = ofxSimpleGuiSliderInt.h; sourceTree = "<group>"; };
		284D7AA6195D782A00BF3377 /* ofxSimpleGuiTitle.cpp */ = {isa = PBXFileReference; lastKnownFileType = sourcecode.cpp.cpp; path = ofxSimpleGuiTitle.cpp; sourceTree = "<group>"; };
		284D7AA7195D782A00BF3377 /* ofxSimpleGuiTitle.h */ = {isa = PBXFileReference; lastKnownFileType = sourcecode.c.h; path = ofxSimpleGuiTitle.h; sourceTree = "<group>"; };
		284D7AA8195D782A00BF3377 /* ofxSimpleGuiToggle.cpp */ = {isa = PBXFileReference; lastKnownFileType = sourcecode.cpp.cpp; path = ofxSimpleGuiToggle.cpp; sourceTree = "<group>"; };
		284D7AA9195D782A00BF3377 /* ofxSimpleGuiToggle.h */ = {isa = PBXFileReference; lastKnownFileType = sourcecode.c.h; path = ofxSimpleGuiToggle.h; sourceTree = "<group>"; };
		284D7AAA195D782A00BF3377 /* ofxSimpleGuiConfig.cpp */ = {isa = PBXFileReference; lastKnownFileType = sourcecode.cpp.cpp; path = ofxSimpleGuiConfig.cpp; sourceTree = "<group>"; };
		284D7AAB195D782A00BF3377 /* ofxSimpleGuiConfig.h */ = {isa = PBXFileReference; lastKnownFileType = sourcecode.c.h; path = ofxSimpleGuiConfig.h; sourceTree = "<group>"; };
		284D7AAC195D782A00BF3377 /* ofxSimpleGuiControl.cpp */ = {isa = PBXFileReference; lastKnownFileType = sourcecode.cpp.cpp; path = ofxSimpleGuiControl.cpp; sourceTree = "<group>"; };
		284D7AAD195D782A00BF3377 /* ofxSimpleGuiControl.h */ = {isa = PBXFileReference; lastKnownFileType = sourcecode.c.h; path = ofxSimpleGuiControl.h; sourceTree = "<group>"; };
		284D7AAE195D782A00BF3377 /* ofxSimpleGuiIncludes.h */ = {isa = PBXFileReference; lastKnownFileType = sourcecode.c.h; path = ofxSimpleGuiIncludes.h; sourceTree = "<group>"; };
		284D7AAF195D782A00BF3377 /* ofxSimpleGuiPage.cpp */ = {isa = PBXFileReference; lastKnownFileType = sourcecode.cpp.cpp; path = ofxSimpleGuiPage.cpp; sourceTree = "<group>"; };
		284D7AB0195D782A00BF3377 /* ofxSimpleGuiPage.h */ = {isa = PBXFileReference; lastKnownFileType = sourcecode.c.h; path = ofxSimpleGuiPage.h; sourceTree = "<group>"; };
		284D7AB1195D782A00BF3377 /* ofxSimpleGuiToo.cpp */ = {isa = PBXFileReference; lastKnownFileType = sourcecode.cpp.cpp; path = ofxSimpleGuiToo.cpp; sourceTree = "<group>"; };
		284D7AB2195D782A00BF3377 /* ofxSimpleGuiToo.h */ = {isa = PBXFileReference; lastKnownFileType = sourcecode.c.h; path = ofxSimpleGuiToo.h; sourceTree = "<group>"; };
		284D7AB3195D782A00BF3377 /* ofxSimpleGuiValueControl.cpp */ = {isa = PBXFileReference; lastKnownFileType = sourcecode.cpp.cpp; path = ofxSimpleGuiValueControl.cpp; sourceTree = "<group>"; };
		284D7AB4195D782A00BF3377 /* ofxSimpleGuiValueControl.h */ = {isa = PBXFileReference; lastKnownFileType = sourcecode.c.h; path = ofxSimpleGuiValueControl.h; sourceTree = "<group>"; };
		284D7AB5195D784200BF3377 /* GLUT.framework */ = {isa = PBXFileReference; lastKnownFileType = wrapper.framework; name = GLUT.framework; path = ../../../openFrameworks/libs/glut/lib/osx/GLUT.framework; sourceTree = "<group>"; };
		49501EED1660BAD900B6756B /* mlp.h */ = {isa = PBXFileReference; lastKnownFileType = sourcecode.c.h; path = mlp.h; sourceTree = "<group>"; };
		49501EEF1660EEFE00B6756B /* tracker.h */ = {isa = PBXFileReference; lastKnownFileType = sourcecode.c.h; path = tracker.h; sourceTree = "<group>"; };
		49501EF01660F82A00B6756B /* constants.h */ = {isa = PBXFileReference; lastKnownFileType = sourcecode.c.h; path = constants.h; sourceTree = "<group>"; };
		49501EF11660F9D700B6756B /* matcher.h */ = {isa = PBXFileReference; lastKnownFileType = sourcecode.c.h; path = matcher.h; sourceTree = "<group>"; };
		4981148516577AFC0046EF85 /* kinectData.h */ = {isa = PBXFileReference; lastKnownFileType = sourcecode.c.h; path = kinectData.h; sourceTree = "<group>"; };
		E45BE9710E8CC7DD009D7055 /* AGL.framework */ = {isa = PBXFileReference; lastKnownFileType = wrapper.framework; name = AGL.framework; path = /System/Library/Frameworks/AGL.framework; sourceTree = "<absolute>"; };
		E45BE9720E8CC7DD009D7055 /* ApplicationServices.framework */ = {isa = PBXFileReference; lastKnownFileType = wrapper.framework; name = ApplicationServices.framework; path = /System/Library/Frameworks/ApplicationServices.framework; sourceTree = "<absolute>"; };
		E45BE9730E8CC7DD009D7055 /* AudioToolbox.framework */ = {isa = PBXFileReference; lastKnownFileType = wrapper.framework; name = AudioToolbox.framework; path = /System/Library/Frameworks/AudioToolbox.framework; sourceTree = "<absolute>"; };
		E45BE9740E8CC7DD009D7055 /* Carbon.framework */ = {isa = PBXFileReference; lastKnownFileType = wrapper.framework; name = Carbon.framework; path = /System/Library/Frameworks/Carbon.framework; sourceTree = "<absolute>"; };
		E45BE9750E8CC7DD009D7055 /* CoreAudio.framework */ = {isa = PBXFileReference; lastKnownFileType = wrapper.framework; name = CoreAudio.framework; path = /System/Library/Frameworks/CoreAudio.framework; sourceTree = "<absolute>"; };
		E45BE9760E8CC7DD009D7055 /* CoreFoundation.framework */ = {isa = PBXFileReference; lastKnownFileType = wrapper.framework; name = CoreFoundation.framework; path = /System/Library/Frameworks/CoreFoundation.framework; sourceTree = "<absolute>"; };
		E45BE9770E8CC7DD009D7055 /* CoreServices.framework */ = {isa = PBXFileReference; lastKnownFileType = wrapper.framework; name = CoreServices.framework; path = /System/Library/Frameworks/CoreServices.framework; sourceTree = "<absolute>"; };
		E45BE9790E8CC7DD009D7055 /* OpenGL.framework */ = {isa = PBXFileReference; lastKnownFileType = wrapper.framework; name = OpenGL.framework; path = /System/Library/Frameworks/OpenGL.framework; sourceTree = "<absolute>"; };
		E45BE97A0E8CC7DD009D7055 /* QuickTime.framework */ = {isa = PBXFileReference; lastKnownFileType = wrapper.framework; name = QuickTime.framework; path = /System/Library/Frameworks/QuickTime.framework; sourceTree = "<absolute>"; };
		E4B69B5B0A3A1756003C02F2 /* kinectTrackerRealTimeDebug.app */ = {isa = PBXFileReference; explicitFileType = wrapper.application; includeInIndex = 0; path = kinectTrackerRealTimeDebug.app; sourceTree = BUILT_PRODUCTS_DIR; };
		E4B69E1D0A3A1BDC003C02F2 /* main.cpp */ = {isa = PBXFileReference; fileEncoding = 30; lastKnownFileType = sourcecode.cpp.cpp; name = main.cpp; path = src/main.cpp; sourceTree = SOURCE_ROOT; };
		E4B69E1E0A3A1BDC003C02F2 /* testApp.cpp */ = {isa = PBXFileReference; explicitFileType = sourcecode.cpp.cpp; fileEncoding = 30; name = testApp.cpp; path = src/testApp.cpp; sourceTree = SOURCE_ROOT; };
		E4B69E1F0A3A1BDC003C02F2 /* testApp.h */ = {isa = PBXFileReference; fileEncoding = 30; lastKnownFileType = sourcecode.c.h; name = testApp.h; path = src/testApp.h; sourceTree = SOURCE_ROOT; };
		E4B6FCAD0C3E899E008CF71C /* openFrameworks-Info.plist */ = {isa = PBXFileReference; fileEncoding = 30; lastKnownFileType = text.plist.xml; path = "openFrameworks-Info.plist"; sourceTree = "<group>"; };
		E4C2424410CC5A17004149E2 /* AppKit.framework */ = {isa = PBXFileReference; lastKnownFileType = wrapper.framework; name = AppKit.framework; path = /System/Library/Frameworks/AppKit.framework; sourceTree = "<absolute>"; };
		E4C2424510CC5A17004149E2 /* Cocoa.framework */ = {isa = PBXFileReference; lastKnownFileType = wrapper.framework; name = Cocoa.framework; path = /System/Library/Frameworks/Cocoa.framework; sourceTree = "<absolute>"; };
		E4C2424610CC5A17004149E2 /* IOKit.framework */ = {isa = PBXFileReference; lastKnownFileType = wrapper.framework; name = IOKit.framework; path = /System/Library/Frameworks/IOKit.framework; sourceTree = "<absolute>"; };
		E4EB6923138AFD0F00A09F29 /* Project.xcconfig */ = {isa = PBXFileReference; fileEncoding = 4; lastKnownFileType = text.xcconfig; path = Project.xcconfig; sourceTree = "<group>"; };
		E77ECB8C15EDE63C005A8D48 /* Accelerate.framework */ = {isa = PBXFileReference; lastKnownFileType = wrapper.framework; name = Accelerate.framework; path = System/Library/Frameworks/Accelerate.framework; sourceTree = SDKROOT; };
		E77ECB8F15EDE643005A8D48 /* QTKit.framework */ = {isa = PBXFileReference; lastKnownFileType = wrapper.framework; name = QTKit.framework; path = System/Library/Frameworks/QTKit.framework; sourceTree = SDKROOT; };
		E77ECB9115EDE648005A8D48 /* CoreVideo.framework */ = {isa = PBXFileReference; lastKnownFileType = wrapper.framework; name = CoreVideo.framework; path = System/Library/Frameworks/CoreVideo.framework; sourceTree = SDKROOT; };
/* End PBXFileReference section */

/* Begin PBXFrameworksBuildPhase section */
		E4B69B590A3A1756003C02F2 /* Frameworks */ = {
			isa = PBXFrameworksBuildPhase;
			buildActionMask = 2147483647;
			files = (
				E77ECB9215EDE648005A8D48 /* CoreVideo.framework in Frameworks */,
				E77ECB9015EDE643005A8D48 /* QTKit.framework in Frameworks */,
				E77ECB8D15EDE63C005A8D48 /* Accelerate.framework in Frameworks */,
				284D7AB6195D784200BF3377 /* GLUT.framework in Frameworks */,
				E45BE97B0E8CC7DD009D7055 /* AGL.framework in Frameworks */,
				E45BE97C0E8CC7DD009D7055 /* ApplicationServices.framework in Frameworks */,
				E45BE97D0E8CC7DD009D7055 /* AudioToolbox.framework in Frameworks */,
				E45BE97E0E8CC7DD009D7055 /* Carbon.framework in Frameworks */,
				E45BE97F0E8CC7DD009D7055 /* CoreAudio.framework in Frameworks */,
				E45BE9800E8CC7DD009D7055 /* CoreFoundation.framework in Frameworks */,
				E45BE9810E8CC7DD009D7055 /* CoreServices.framework in Frameworks */,
				E45BE9830E8CC7DD009D7055 /* OpenGL.framework in Frameworks */,
				E45BE9840E8CC7DD009D7055 /* QuickTime.framework in Frameworks */,
				E4C2424710CC5A17004149E2 /* AppKit.framework in Frameworks */,
				E4C2424810CC5A17004149E2 /* Cocoa.framework in Frameworks */,
				E4C2424910CC5A17004149E2 /* IOKit.framework in Frameworks */,
			);
			runOnlyForDeploymentPostprocessing = 0;
		};
/* End PBXFrameworksBuildPhase section */

/* Begin PBXGroup section */
		2805A77C195D8C4400CD1813 /* ofxOsc */ = {
			isa = PBXGroup;
			children = (
				2805A77D195D8C4400CD1813 /* install.xml */,
				2805A77E195D8C4400CD1813 /* libs */,
				2805A79B195D8C4500CD1813 /* src */,
			);
			path = ofxOsc;
			sourceTree = "<group>";
		};
		2805A77E195D8C4400CD1813 /* libs */ = {
			isa = PBXGroup;
			children = (
				2805A77F195D8C4400CD1813 /* oscpack */,
			);
			path = libs;
			sourceTree = "<group>";
		};
		2805A77F195D8C4400CD1813 /* oscpack */ = {
			isa = PBXGroup;
			children = (
				2805A780195D8C4400CD1813 /* src */,
			);
			path = oscpack;
			sourceTree = "<group>";
		};
		2805A780195D8C4400CD1813 /* src */ = {
			isa = PBXGroup;
			children = (
				2805A781195D8C4400CD1813 /* ip */,
				2805A78E195D8C4500CD1813 /* osc */,
			);
			path = src;
			sourceTree = "<group>";
		};
		2805A781195D8C4400CD1813 /* ip */ = {
			isa = PBXGroup;
			children = (
				2805A782195D8C4400CD1813 /* IpEndpointName.cpp */,
				2805A783195D8C4400CD1813 /* IpEndpointName.h */,
				2805A784195D8C4400CD1813 /* NetworkingUtils.h */,
				2805A785195D8C4400CD1813 /* PacketListener.h */,
				2805A786195D8C4400CD1813 /* posix */,
				2805A789195D8C4400CD1813 /* TimerListener.h */,
				2805A78A195D8C4400CD1813 /* UdpSocket.h */,
				2805A78B195D8C4400CD1813 /* win32 */,
			);
			path = ip;
			sourceTree = "<group>";
		};
		2805A786195D8C4400CD1813 /* posix */ = {
			isa = PBXGroup;
			children = (
				2805A787195D8C4400CD1813 /* NetworkingUtils.cpp */,
				2805A788195D8C4400CD1813 /* UdpSocket.cpp */,
			);
			path = posix;
			sourceTree = "<group>";
		};
		2805A78B195D8C4400CD1813 /* win32 */ = {
			isa = PBXGroup;
			children = (
				2805A78C195D8C4500CD1813 /* NetworkingUtilsWin.cpp */,
				2805A78D195D8C4500CD1813 /* UdpSocketWin.cpp */,
			);
			path = win32;
			sourceTree = "<group>";
		};
		2805A78E195D8C4500CD1813 /* osc */ = {
			isa = PBXGroup;
			children = (
				2805A78F195D8C4500CD1813 /* MessageMappingOscPacketListener.h */,
				2805A790195D8C4500CD1813 /* OscException.h */,
				2805A791195D8C4500CD1813 /* OscHostEndianness.h */,
				2805A792195D8C4500CD1813 /* OscOutboundPacketStream.cpp */,
				2805A793195D8C4500CD1813 /* OscOutboundPacketStream.h */,
				2805A794195D8C4500CD1813 /* OscPacketListener.h */,
				2805A795195D8C4500CD1813 /* OscPrintReceivedElements.cpp */,
				2805A796195D8C4500CD1813 /* OscPrintReceivedElements.h */,
				2805A797195D8C4500CD1813 /* OscReceivedElements.cpp */,
				2805A798195D8C4500CD1813 /* OscReceivedElements.h */,
				2805A799195D8C4500CD1813 /* OscTypes.cpp */,
				2805A79A195D8C4500CD1813 /* OscTypes.h */,
			);
			path = osc;
			sourceTree = "<group>";
		};
		2805A79B195D8C4500CD1813 /* src */ = {
			isa = PBXGroup;
			children = (
				2805A79C195D8C4500CD1813 /* ofxOsc.h */,
				2805A79D195D8C4500CD1813 /* ofxOscArg.h */,
				2805A79E195D8C4500CD1813 /* ofxOscBundle.cpp */,
				2805A79F195D8C4500CD1813 /* ofxOscBundle.h */,
				2805A7A0195D8C4500CD1813 /* ofxOscMessage.cpp */,
				2805A7A1195D8C4500CD1813 /* ofxOscMessage.h */,
				2805A7A2195D8C4500CD1813 /* ofxOscReceiver.cpp */,
				2805A7A3195D8C4500CD1813 /* ofxOscReceiver.h */,
				2805A7A4195D8C4500CD1813 /* ofxOscSender.cpp */,
				2805A7A5195D8C4500CD1813 /* ofxOscSender.h */,
			);
			path = src;
			sourceTree = "<group>";
		};
		284D7A5C195D77BE00BF3377 /* Products */ = {
			isa = PBXGroup;
			children = (
				284D7A60195D77BF00BF3377 /* openFrameworksDebug.a */,
			);
			name = Products;
			sourceTree = "<group>";
		};
		284D7A64195D77FA00BF3377 /* ofxMSAInteractiveObject */ = {
			isa = PBXGroup;
			children = (
				284D7A6E195D77FB00BF3377 /* src */,
			);
			name = ofxMSAInteractiveObject;
			path = ../../../openFrameworks/addons/ofxMSAInteractiveObject;
			sourceTree = "<group>";
		};
		284D7A6E195D77FB00BF3377 /* src */ = {
			isa = PBXGroup;
			children = (
				284D7A6F195D77FB00BF3377 /* ofxMSAInteractiveObject.cpp */,
				284D7A70195D77FB00BF3377 /* ofxMSAInteractiveObject.h */,
			);
			path = src;
			sourceTree = "<group>";
		};
		284D7A71195D781700BF3377 /* ofxTimeMeasurements */ = {
			isa = PBXGroup;
			children = (
				284D7A72195D781700BF3377 /* example */,
				284D7A76195D781700BF3377 /* install.xml */,
				284D7A77195D781700BF3377 /* ofxaddons_thumbnail.png */,
				284D7A78195D781700BF3377 /* ReadMe.md */,
				284D7A79195D781700BF3377 /* src */,
			);
			name = ofxTimeMeasurements;
			path = ../../../openFrameworks/addons/ofxTimeMeasurements;
			sourceTree = "<group>";
		};
		284D7A72195D781700BF3377 /* example */ = {
			isa = PBXGroup;
			children = (
				284D7A73195D781700BF3377 /* main.cpp */,
				284D7A74195D781700BF3377 /* testApp.cpp */,
				284D7A75195D781700BF3377 /* testApp.h */,
			);
			path = example;
			sourceTree = "<group>";
		};
		284D7A79195D781700BF3377 /* src */ = {
			isa = PBXGroup;
			children = (
				284D7A7A195D781700BF3377 /* ofxTimeMeasurements.cpp */,
				284D7A7B195D781700BF3377 /* ofxTimeMeasurements.h */,
			);
			path = src;
			sourceTree = "<group>";
		};
		284D7A7C195D781F00BF3377 /* ofxXmlSettings */ = {
			isa = PBXGroup;
			children = (
				284D7A7D195D781F00BF3377 /* libs */,
				284D7A82195D781F00BF3377 /* src */,
			);
			name = ofxXmlSettings;
			path = ../../../openFrameworks/addons/ofxXmlSettings;
			sourceTree = "<group>";
		};
		284D7A7D195D781F00BF3377 /* libs */ = {
			isa = PBXGroup;
			children = (
				284D7A7E195D781F00BF3377 /* tinyxml.cpp */,
				284D7A7F195D781F00BF3377 /* tinyxml.h */,
				284D7A80195D781F00BF3377 /* tinyxmlerror.cpp */,
				284D7A81195D781F00BF3377 /* tinyxmlparser.cpp */,
			);
			path = libs;
			sourceTree = "<group>";
		};
		284D7A82195D781F00BF3377 /* src */ = {
			isa = PBXGroup;
			children = (
				284D7A83195D781F00BF3377 /* ofxXmlSettings.cpp */,
				284D7A84195D781F00BF3377 /* ofxXmlSettings.h */,
			);
			path = src;
			sourceTree = "<group>";
		};
		284D7A85195D782A00BF3377 /* ofxSimpleGuiToo */ = {
			isa = PBXGroup;
			children = (
				284D7A86195D782A00BF3377 /* .gitignore */,
				284D7A87195D782A00BF3377 /* example */,
				284D7A8F195D782A00BF3377 /* license.md */,
				284D7A90195D782A00BF3377 /* README.md */,
				284D7A91195D782A00BF3377 /* src */,
			);
			name = ofxSimpleGuiToo;
			path = ../../../openFrameworks/addons/ofxSimpleGuiToo;
			sourceTree = "<group>";
		};
		284D7A87195D782A00BF3377 /* example */ = {
			isa = PBXGroup;
			children = (
				284D7A88195D782A00BF3377 /* bin */,
				284D7A8B195D782A00BF3377 /* src */,
			);
			path = example;
			sourceTree = "<group>";
		};
		284D7A88195D782A00BF3377 /* bin */ = {
			isa = PBXGroup;
			children = (
				284D7A89195D782A00BF3377 /* data */,
			);
			path = bin;
			sourceTree = "<group>";
		};
		284D7A89195D782A00BF3377 /* data */ = {
			isa = PBXGroup;
			children = (
				284D7A8A195D782A00BF3377 /* .gitkeep */,
			);
			path = data;
			sourceTree = "<group>";
		};
		284D7A8B195D782A00BF3377 /* src */ = {
			isa = PBXGroup;
			children = (
				284D7A8C195D782A00BF3377 /* main.cpp */,
				284D7A8D195D782A00BF3377 /* testApp.cpp */,
				284D7A8E195D782A00BF3377 /* testApp.h */,
			);
			path = src;
			sourceTree = "<group>";
		};
		284D7A91195D782A00BF3377 /* src */ = {
			isa = PBXGroup;
			children = (
				284D7A92195D782A00BF3377 /* Controls */,
				284D7AAA195D782A00BF3377 /* ofxSimpleGuiConfig.cpp */,
				284D7AAB195D782A00BF3377 /* ofxSimpleGuiConfig.h */,
				284D7AAC195D782A00BF3377 /* ofxSimpleGuiControl.cpp */,
				284D7AAD195D782A00BF3377 /* ofxSimpleGuiControl.h */,
				284D7AAE195D782A00BF3377 /* ofxSimpleGuiIncludes.h */,
				284D7AAF195D782A00BF3377 /* ofxSimpleGuiPage.cpp */,
				284D7AB0195D782A00BF3377 /* ofxSimpleGuiPage.h */,
				284D7AB1195D782A00BF3377 /* ofxSimpleGuiToo.cpp */,
				284D7AB2195D782A00BF3377 /* ofxSimpleGuiToo.h */,
				284D7AB3195D782A00BF3377 /* ofxSimpleGuiValueControl.cpp */,
				284D7AB4195D782A00BF3377 /* ofxSimpleGuiValueControl.h */,
			);
			path = src;
			sourceTree = "<group>";
		};
		284D7A92195D782A00BF3377 /* Controls */ = {
			isa = PBXGroup;
			children = (
				284D7A93195D782A00BF3377 /* ofxSimpleGuiButton.cpp */,
				284D7A94195D782A00BF3377 /* ofxSimpleGuiButton.h */,
				284D7A95195D782A00BF3377 /* ofxSimpleGuiColorPicker.cpp */,
				284D7A96195D782A00BF3377 /* ofxSimpleGuiColorPicker.h */,
				284D7A97195D782A00BF3377 /* ofxSimpleGuiComboBox.cpp */,
				284D7A98195D782A00BF3377 /* ofxSimpleGuiComboBox.h */,
				284D7A99195D782A00BF3377 /* ofxSimpleGuiContent.cpp */,
				284D7A9A195D782A00BF3377 /* ofxSimpleGuiContent.h */,
				284D7A9B195D782A00BF3377 /* ofxSimpleGuiFPSCounter.cpp */,
				284D7A9C195D782A00BF3377 /* ofxSimpleGuiFPSCounter.h */,
				284D7A9D195D782A00BF3377 /* ofxSimpleGuiMovieSlider.cpp */,
				284D7A9E195D782A00BF3377 /* ofxSimpleGuiMovieSlider.h */,
				284D7A9F195D782A00BF3377 /* ofxSimpleGuiQuadWarp.cpp */,
				284D7AA0195D782A00BF3377 /* ofxSimpleGuiQuadWarp.h */,
				284D7AA1195D782A00BF3377 /* ofxSimpleGuiSlider2d.cpp */,
				284D7AA2195D782A00BF3377 /* ofxSimpleGuiSlider2d.h */,
				284D7AA3195D782A00BF3377 /* ofxSimpleGuiSliderBase.h */,
				284D7AA4195D782A00BF3377 /* ofxSimpleGuiSliderFloat.h */,
				284D7AA5195D782A00BF3377 /* ofxSimpleGuiSliderInt.h */,
				284D7AA6195D782A00BF3377 /* ofxSimpleGuiTitle.cpp */,
				284D7AA7195D782A00BF3377 /* ofxSimpleGuiTitle.h */,
				284D7AA8195D782A00BF3377 /* ofxSimpleGuiToggle.cpp */,
				284D7AA9195D782A00BF3377 /* ofxSimpleGuiToggle.h */,
			);
			path = Controls;
			sourceTree = "<group>";
		};
		49255489165636FF000FDE0D /* modes */ = {
			isa = PBXGroup;
			children = (
				49501EEF1660EEFE00B6756B /* tracker.h */,
				49501EED1660BAD900B6756B /* mlp.h */,
				4981148516577AFC0046EF85 /* kinectData.h */,
				49501EF11660F9D700B6756B /* matcher.h */,
			);
			name = modes;
			sourceTree = "<group>";
		};
		BB4B014C10F69532006C3DED /* addons */ = {
			isa = PBXGroup;
			children = (
				284D7A85195D782A00BF3377 /* ofxSimpleGuiToo */,
				284D7A7C195D781F00BF3377 /* ofxXmlSettings */,
				284D7A71195D781700BF3377 /* ofxTimeMeasurements */,
				284D7A64195D77FA00BF3377 /* ofxMSAInteractiveObject */,
			);
			name = addons;
			sourceTree = "<group>";
		};
		BBAB23C913894ECA00AA2426 /* system frameworks */ = {
			isa = PBXGroup;
			children = (
				E77ECB9115EDE648005A8D48 /* CoreVideo.framework */,
				E77ECB8F15EDE643005A8D48 /* QTKit.framework */,
				E77ECB8C15EDE63C005A8D48 /* Accelerate.framework */,
				E4C2424410CC5A17004149E2 /* AppKit.framework */,
				E4C2424510CC5A17004149E2 /* Cocoa.framework */,
				E4C2424610CC5A17004149E2 /* IOKit.framework */,
				E45BE9710E8CC7DD009D7055 /* AGL.framework */,
				E45BE9720E8CC7DD009D7055 /* ApplicationServices.framework */,
				E45BE9730E8CC7DD009D7055 /* AudioToolbox.framework */,
				E45BE9740E8CC7DD009D7055 /* Carbon.framework */,
				E45BE9750E8CC7DD009D7055 /* CoreAudio.framework */,
				E45BE9760E8CC7DD009D7055 /* CoreFoundation.framework */,
				E45BE9770E8CC7DD009D7055 /* CoreServices.framework */,
				E45BE9790E8CC7DD009D7055 /* OpenGL.framework */,
				E45BE97A0E8CC7DD009D7055 /* QuickTime.framework */,
			);
			name = "system frameworks";
			sourceTree = "<group>";
		};
		BBAB23CA13894EDB00AA2426 /* 3rd party frameworks */ = {
			isa = PBXGroup;
			children = (
				284D7AB5195D784200BF3377 /* GLUT.framework */,
			);
			name = "3rd party frameworks";
			sourceTree = "<group>";
		};
		E45BE5980E8CC70C009D7055 /* frameworks */ = {
			isa = PBXGroup;
			children = (
				BBAB23CA13894EDB00AA2426 /* 3rd party frameworks */,
				BBAB23C913894ECA00AA2426 /* system frameworks */,
			);
			name = frameworks;
			sourceTree = "<group>";
		};
		E4B69B4A0A3A1720003C02F2 = {
			isa = PBXGroup;
			children = (
				E4B6FCAD0C3E899E008CF71C /* openFrameworks-Info.plist */,
				E4EB6923138AFD0F00A09F29 /* Project.xcconfig */,
				E4B69E1C0A3A1BDC003C02F2 /* src */,
				E4EEC9E9138DF44700A80321 /* openFrameworks */,
				BB4B014C10F69532006C3DED /* addons */,
				E45BE5980E8CC70C009D7055 /* frameworks */,
				E4B69B5B0A3A1756003C02F2 /* kinectTrackerRealTimeDebug.app */,
			);
			sourceTree = "<group>";
		};
		E4B69E1C0A3A1BDC003C02F2 /* src */ = {
			isa = PBXGroup;
			children = (
				2805A77C195D8C4400CD1813 /* ofxOsc */,
				E4B69E1D0A3A1BDC003C02F2 /* main.cpp */,
				E4B69E1F0A3A1BDC003C02F2 /* testApp.h */,
				E4B69E1E0A3A1BDC003C02F2 /* testApp.cpp */,
				49501EF01660F82A00B6756B /* constants.h */,
				49255489165636FF000FDE0D /* modes */,
			);
			path = src;
			sourceTree = SOURCE_ROOT;
		};
		E4EEC9E9138DF44700A80321 /* openFrameworks */ = {
			isa = PBXGroup;
			children = (
				284D7A5A195D77B200BF3377 /* CoreOF.xcconfig */,
				284D7A5B195D77BE00BF3377 /* openFrameworksLib.xcodeproj */,
			);
			name = openFrameworks;
			sourceTree = "<group>";
		};
/* End PBXGroup section */

/* Begin PBXNativeTarget section */
		E4B69B5A0A3A1756003C02F2 /* kinectTrackerRealTime */ = {
			isa = PBXNativeTarget;
			buildConfigurationList = E4B69B5F0A3A1757003C02F2 /* Build configuration list for PBXNativeTarget "kinectTrackerRealTime" */;
			buildPhases = (
				E4B69B580A3A1756003C02F2 /* Sources */,
				E4B69B590A3A1756003C02F2 /* Frameworks */,
				E4B6FFFD0C3F9AB9008CF71C /* ShellScript */,
				E4C2427710CC5ABF004149E2 /* CopyFiles */,
			);
			buildRules = (
			);
			dependencies = (
			);
			name = kinectTrackerRealTime;
			productName = myOFApp;
			productReference = E4B69B5B0A3A1756003C02F2 /* kinectTrackerRealTimeDebug.app */;
			productType = "com.apple.product-type.application";
		};
/* End PBXNativeTarget section */

/* Begin PBXProject section */
		E4B69B4C0A3A1720003C02F2 /* Project object */ = {
			isa = PBXProject;
			attributes = {
				LastUpgradeCheck = 0510;
			};
			buildConfigurationList = E4B69B4D0A3A1720003C02F2 /* Build configuration list for PBXProject "kinectTrackerRealTime" */;
			compatibilityVersion = "Xcode 3.2";
			developmentRegion = English;
			hasScannedForEncodings = 0;
			knownRegions = (
				English,
				Japanese,
				French,
				German,
			);
			mainGroup = E4B69B4A0A3A1720003C02F2;
			productRefGroup = E4B69B4A0A3A1720003C02F2;
			projectDirPath = "";
			projectReferences = (
				{
					ProductGroup = 284D7A5C195D77BE00BF3377 /* Products */;
					ProjectRef = 284D7A5B195D77BE00BF3377 /* openFrameworksLib.xcodeproj */;
				},
			);
			projectRoot = "";
			targets = (
				E4B69B5A0A3A1756003C02F2 /* kinectTrackerRealTime */,
			);
		};
/* End PBXProject section */

/* Begin PBXReferenceProxy section */
		284D7A60195D77BF00BF3377 /* openFrameworksDebug.a */ = {
			isa = PBXReferenceProxy;
			fileType = archive.ar;
			path = openFrameworksDebug.a;
			remoteRef = 284D7A5F195D77BF00BF3377 /* PBXContainerItemProxy */;
			sourceTree = BUILT_PRODUCTS_DIR;
		};
/* End PBXReferenceProxy section */

/* Begin PBXShellScriptBuildPhase section */
		E4B6FFFD0C3F9AB9008CF71C /* ShellScript */ = {
			isa = PBXShellScriptBuildPhase;
			buildActionMask = 2147483647;
			files = (
			);
			inputPaths = (
			);
			outputPaths = (
			);
			runOnlyForDeploymentPostprocessing = 0;
			shellPath = /bin/sh;
			shellScript = "cp -f ../../../libs/fmodex/lib/osx/libfmodex.dylib \"$TARGET_BUILD_DIR/$PRODUCT_NAME.app/Contents/MacOS/libfmodex.dylib\"; install_name_tool -change ./libfmodex.dylib @executable_path/libfmodex.dylib \"$TARGET_BUILD_DIR/$PRODUCT_NAME.app/Contents/MacOS/$PRODUCT_NAME\";";
		};
/* End PBXShellScriptBuildPhase section */

/* Begin PBXSourcesBuildPhase section */
		E4B69B580A3A1756003C02F2 /* Sources */ = {
			isa = PBXSourcesBuildPhase;
			buildActionMask = 2147483647;
			files = (
				E4B69E200A3A1BDC003C02F2 /* main.cpp in Sources */,
				E4B69E210A3A1BDC003C02F2 /* testApp.cpp in Sources */,
			);
			runOnlyForDeploymentPostprocessing = 0;
		};
/* End PBXSourcesBuildPhase section */

/* Begin XCBuildConfiguration section */
		E4B69B4E0A3A1720003C02F2 /* Debug */ = {
			isa = XCBuildConfiguration;
			baseConfigurationReference = E4EB6923138AFD0F00A09F29 /* Project.xcconfig */;
			buildSettings = {
				ARCHS = "$(ARCHS_STANDARD)";
				CONFIGURATION_BUILD_DIR = "$(SRCROOT)/bin/";
				COPY_PHASE_STRIP = NO;
				DEAD_CODE_STRIPPING = YES;
				GCC_AUTO_VECTORIZATION = YES;
				GCC_ENABLE_SSE3_EXTENSIONS = YES;
				GCC_ENABLE_SUPPLEMENTAL_SSE3_INSTRUCTIONS = YES;
				GCC_INLINES_ARE_PRIVATE_EXTERN = NO;
				GCC_MODEL_TUNING = G5;
				GCC_SYMBOLS_PRIVATE_EXTERN = NO;
				GCC_VERSION = "";
				GCC_WARN_ABOUT_DEPRECATED_FUNCTIONS = NO;
				GCC_WARN_ABOUT_INVALID_OFFSETOF_MACRO = NO;
				GCC_WARN_ALLOW_INCOMPLETE_PROTOCOL = NO;
				GCC_WARN_UNINITIALIZED_AUTOS = NO;
				GCC_WARN_UNUSED_VALUE = NO;
				GCC_WARN_UNUSED_VARIABLE = NO;
				HEADER_SEARCH_PATHS = (
					"$(OF_CORE_HEADERS)",
					src,
				);
				ONLY_ACTIVE_ARCH = YES;
				OTHER_CPLUSPLUSFLAGS = (
					"-D__MACOSX_CORE__",
					"-lpthread",
				);
				SDKROOT = macosx;
			};
			name = Debug;
		};
		E4B69B4F0A3A1720003C02F2 /* Release */ = {
			isa = XCBuildConfiguration;
			baseConfigurationReference = E4EB6923138AFD0F00A09F29 /* Project.xcconfig */;
			buildSettings = {
				ARCHS = "$(ARCHS_STANDARD)";
				CONFIGURATION_BUILD_DIR = "$(SRCROOT)/bin/";
				COPY_PHASE_STRIP = YES;
				DEAD_CODE_STRIPPING = YES;
				GCC_AUTO_VECTORIZATION = YES;
				GCC_ENABLE_SSE3_EXTENSIONS = YES;
				GCC_ENABLE_SUPPLEMENTAL_SSE3_INSTRUCTIONS = YES;
				GCC_INLINES_ARE_PRIVATE_EXTERN = NO;
				GCC_MODEL_TUNING = G5;
				GCC_OPTIMIZATION_LEVEL = 3;
				GCC_SYMBOLS_PRIVATE_EXTERN = NO;
				GCC_UNROLL_LOOPS = YES;
				GCC_VERSION = "";
				GCC_WARN_ABOUT_DEPRECATED_FUNCTIONS = NO;
				GCC_WARN_ABOUT_INVALID_OFFSETOF_MACRO = NO;
				GCC_WARN_ALLOW_INCOMPLETE_PROTOCOL = NO;
				GCC_WARN_UNINITIALIZED_AUTOS = NO;
				GCC_WARN_UNUSED_VALUE = NO;
				GCC_WARN_UNUSED_VARIABLE = NO;
				HEADER_SEARCH_PATHS = (
					"$(OF_CORE_HEADERS)",
					src,
				);
				ONLY_ACTIVE_ARCH = YES;
				OTHER_CPLUSPLUSFLAGS = (
					"-D__MACOSX_CORE__",
					"-lpthread",
				);
				SDKROOT = macosx;
			};
			name = Release;
		};
		E4B69B600A3A1757003C02F2 /* Debug */ = {
			isa = XCBuildConfiguration;
			buildSettings = {
				ARCHS = "$(ARCHS_STANDARD)";
				COMBINE_HIDPI_IMAGES = YES;
				COPY_PHASE_STRIP = NO;
				FRAMEWORK_SEARCH_PATHS = /Users/korayt/PESI/GitHub/openFrameworks/libs/glut/lib/osx;
				FRAMEWORK_SEARCH_PATHS_QUOTED_FOR_TARGET_1 = "\"$(SRCROOT)/../../../openFrameworks/libs/glut/lib/osx\"";
				GCC_DYNAMIC_NO_PIC = NO;
				GCC_GENERATE_DEBUGGING_SYMBOLS = YES;
				GCC_MODEL_TUNING = G4;
				GCC_PRECOMPILE_PREFIX_HEADER = YES;
				GCC_PREFIX_HEADER = "$(SYSTEM_LIBRARY_DIR)/Frameworks/Carbon.framework/Headers/Carbon.h";
				GCC_VERSION = com.apple.compilers.llvm.clang.1_0;
				HEADER_SEARCH_PATHS = (
					src,
					"$(OF_CORE_HEADERS)",
				);
				INFOPLIST_FILE = "openFrameworks-Info.plist";
				INSTALL_PATH = "$(HOME)/Applications";
				LIBRARY_SEARCH_PATHS = (
					"$(inherited)",
					"$(LIBRARY_SEARCH_PATHS_QUOTED_FOR_TARGET_1)",
					"$(LIBRARY_SEARCH_PATHS_QUOTED_FOR_TARGET_2)",
					"$(LIBRARY_SEARCH_PATHS_QUOTED_FOR_TARGET_3)",
					"$(LIBRARY_SEARCH_PATHS_QUOTED_FOR_TARGET_4)",
					"$(LIBRARY_SEARCH_PATHS_QUOTED_FOR_TARGET_5)",
					"$(LIBRARY_SEARCH_PATHS_QUOTED_FOR_TARGET_6)",
					"$(LIBRARY_SEARCH_PATHS_QUOTED_FOR_TARGET_7)",
					"$(LIBRARY_SEARCH_PATHS_QUOTED_FOR_TARGET_8)",
					"$(LIBRARY_SEARCH_PATHS_QUOTED_FOR_TARGET_9)",
					"$(LIBRARY_SEARCH_PATHS_QUOTED_FOR_TARGET_10)",
					"$(LIBRARY_SEARCH_PATHS_QUOTED_FOR_TARGET_11)",
					"$(LIBRARY_SEARCH_PATHS_QUOTED_FOR_TARGET_12)",
					"$(LIBRARY_SEARCH_PATHS_QUOTED_FOR_TARGET_13)",
					"$(LIBRARY_SEARCH_PATHS_QUOTED_FOR_TARGET_14)",
					"$(LIBRARY_SEARCH_PATHS_QUOTED_FOR_TARGET_15)",
					"$(LIBRARY_SEARCH_PATHS_QUOTED_FOR_TARGET_2)",
					"$(LIBRARY_SEARCH_PATHS_QUOTED_FOR_TARGET_3)",
					"$(LIBRARY_SEARCH_PATHS_QUOTED_FOR_TARGET_7)",
					"$(LIBRARY_SEARCH_PATHS_QUOTED_FOR_TARGET_8)",
					"$(LIBRARY_SEARCH_PATHS_QUOTED_FOR_TARGET_9)",
					"$(LIBRARY_SEARCH_PATHS_QUOTED_FOR_TARGET_10)",
					"$(LIBRARY_SEARCH_PATHS_QUOTED_FOR_TARGET_11)",
					"$(LIBRARY_SEARCH_PATHS_QUOTED_FOR_TARGET_12)",
					"$(LIBRARY_SEARCH_PATHS_QUOTED_FOR_TARGET_13)",
					"$(LIBRARY_SEARCH_PATHS_QUOTED_FOR_TARGET_16)",
					"$(LIBRARY_SEARCH_PATHS_QUOTED_FOR_TARGET_17)",
					"$(LIBRARY_SEARCH_PATHS_QUOTED_FOR_TARGET_18)",
					"$(LIBRARY_SEARCH_PATHS_QUOTED_FOR_TARGET_19)",
					"$(LIBRARY_SEARCH_PATHS_QUOTED_FOR_TARGET_20)",
					"$(LIBRARY_SEARCH_PATHS_QUOTED_FOR_TARGET_21)",
					"$(LIBRARY_SEARCH_PATHS_QUOTED_FOR_TARGET_22)",
					"$(LIBRARY_SEARCH_PATHS_QUOTED_FOR_TARGET_23)",
					"$(LIBRARY_SEARCH_PATHS_QUOTED_FOR_TARGET_24)",
					"$(LIBRARY_SEARCH_PATHS_QUOTED_FOR_TARGET_25)",
					"$(LIBRARY_SEARCH_PATHS_QUOTED_FOR_TARGET_26)",
					"$(LIBRARY_SEARCH_PATHS_QUOTED_FOR_TARGET_27)",
					"$(LIBRARY_SEARCH_PATHS_QUOTED_FOR_TARGET_28)",
					"$(LIBRARY_SEARCH_PATHS_QUOTED_FOR_TARGET_29)",
					"$(LIBRARY_SEARCH_PATHS_QUOTED_FOR_TARGET_30)",
					"$(LIBRARY_SEARCH_PATHS_QUOTED_FOR_TARGET_31)",
					"$(LIBRARY_SEARCH_PATHS_QUOTED_FOR_TARGET_32)",
					"$(LIBRARY_SEARCH_PATHS_QUOTED_FOR_TARGET_33)",
					"$(LIBRARY_SEARCH_PATHS_QUOTED_FOR_TARGET_34)",
					"$(LIBRARY_SEARCH_PATHS_QUOTED_FOR_TARGET_35)",
					"$(LIBRARY_SEARCH_PATHS_QUOTED_FOR_TARGET_36)",
					"$(LIBRARY_SEARCH_PATHS_QUOTED_FOR_TARGET_37)",
					"$(LIBRARY_SEARCH_PATHS_QUOTED_FOR_TARGET_38)",
					"$(LIBRARY_SEARCH_PATHS_QUOTED_FOR_TARGET_39)",
					"$(LIBRARY_SEARCH_PATHS_QUOTED_FOR_TARGET_40)",
					"$(LIBRARY_SEARCH_PATHS_QUOTED_FOR_TARGET_41)",
					"$(LIBRARY_SEARCH_PATHS_QUOTED_FOR_TARGET_42)",
					"$(LIBRARY_SEARCH_PATHS_QUOTED_FOR_TARGET_43)",
					"$(LIBRARY_SEARCH_PATHS_QUOTED_FOR_TARGET_44)",
					"$(LIBRARY_SEARCH_PATHS_QUOTED_FOR_TARGET_45)",
					"$(LIBRARY_SEARCH_PATHS_QUOTED_FOR_TARGET_46)",
					"$(LIBRARY_SEARCH_PATHS_QUOTED_FOR_TARGET_47)",
					"$(LIBRARY_SEARCH_PATHS_QUOTED_FOR_TARGET_48)",
					"$(LIBRARY_SEARCH_PATHS_QUOTED_FOR_TARGET_49)",
					"$(LIBRARY_SEARCH_PATHS_QUOTED_FOR_TARGET_50)",
					"$(LIBRARY_SEARCH_PATHS_QUOTED_FOR_TARGET_51)",
					"$(LIBRARY_SEARCH_PATHS_QUOTED_FOR_TARGET_52)",
					"$(LIBRARY_SEARCH_PATHS_QUOTED_FOR_TARGET_1)",
					"$(LIBRARY_SEARCH_PATHS_QUOTED_FOR_TARGET_2)",
					"\"$(SRCROOT)/../../../openFrameworks/addons/ofxOpenNI/mac/copy_to_data_openni_path/lib\"",
					"\"$(SRCROOT)/../../../openFrameworks/addons/ofxOpenNI/mac/copy_to_data_openni_path/lib\"",
				);
				LIBRARY_SEARCH_PATHS_QUOTED_FOR_TARGET_1 = "\"$(SRCROOT)/../../../openFrameworks/addons/ofxOpenNI/mac/copy_to_data_openni_path/lib\"";
				LIBRARY_SEARCH_PATHS_QUOTED_FOR_TARGET_2 = "\"$(SRCROOT)/../../../openFrameworks/addons/ofxOpenNI/mac/copy_to_data_openni_path/lib\"";
				PRODUCT_NAME = kinectTrackerRealTimeDebug;
				SDKROOT = macosx;
				WRAPPER_EXTENSION = app;
			};
			name = Debug;
		};
		E4B69B610A3A1757003C02F2 /* Release */ = {
			isa = XCBuildConfiguration;
			buildSettings = {
				ARCHS = "$(ARCHS_STANDARD)";
				COMBINE_HIDPI_IMAGES = YES;
				COPY_PHASE_STRIP = YES;
				FRAMEWORK_SEARCH_PATHS = /Users/korayt/PESI/GitHub/openFrameworks/libs/glut/lib/osx;
				FRAMEWORK_SEARCH_PATHS_QUOTED_FOR_TARGET_1 = "\"$(SRCROOT)/../../../openFrameworks/libs/glut/lib/osx\"";
				GCC_GENERATE_DEBUGGING_SYMBOLS = NO;
				GCC_MODEL_TUNING = G4;
				GCC_PRECOMPILE_PREFIX_HEADER = YES;
				GCC_PREFIX_HEADER = "$(SYSTEM_LIBRARY_DIR)/Frameworks/Carbon.framework/Headers/Carbon.h";
				GCC_VERSION = com.apple.compilers.llvm.clang.1_0;
				INFOPLIST_FILE = "openFrameworks-Info.plist";
				INSTALL_PATH = "$(HOME)/Applications";
				LIBRARY_SEARCH_PATHS = (
					"$(inherited)",
					"$(LIBRARY_SEARCH_PATHS_QUOTED_FOR_TARGET_1)",
					"$(LIBRARY_SEARCH_PATHS_QUOTED_FOR_TARGET_2)",
					"$(LIBRARY_SEARCH_PATHS_QUOTED_FOR_TARGET_3)",
					"$(LIBRARY_SEARCH_PATHS_QUOTED_FOR_TARGET_4)",
					"$(LIBRARY_SEARCH_PATHS_QUOTED_FOR_TARGET_5)",
					"$(LIBRARY_SEARCH_PATHS_QUOTED_FOR_TARGET_6)",
					"$(LIBRARY_SEARCH_PATHS_QUOTED_FOR_TARGET_7)",
					"$(LIBRARY_SEARCH_PATHS_QUOTED_FOR_TARGET_8)",
					"$(LIBRARY_SEARCH_PATHS_QUOTED_FOR_TARGET_9)",
					"$(LIBRARY_SEARCH_PATHS_QUOTED_FOR_TARGET_10)",
					"$(LIBRARY_SEARCH_PATHS_QUOTED_FOR_TARGET_11)",
					"$(LIBRARY_SEARCH_PATHS_QUOTED_FOR_TARGET_12)",
					"$(LIBRARY_SEARCH_PATHS_QUOTED_FOR_TARGET_13)",
					"$(LIBRARY_SEARCH_PATHS_QUOTED_FOR_TARGET_14)",
					"$(LIBRARY_SEARCH_PATHS_QUOTED_FOR_TARGET_15)",
					"$(LIBRARY_SEARCH_PATHS_QUOTED_FOR_TARGET_2)",
					"$(LIBRARY_SEARCH_PATHS_QUOTED_1)",
					"$(LIBRARY_SEARCH_PATHS_QUOTED_FOR_TARGET_3)",
					"$(LIBRARY_SEARCH_PATHS_QUOTED_FOR_TARGET_7)",
					"$(LIBRARY_SEARCH_PATHS_QUOTED_FOR_TARGET_8)",
					"$(LIBRARY_SEARCH_PATHS_QUOTED_FOR_TARGET_9)",
					"$(LIBRARY_SEARCH_PATHS_QUOTED_FOR_TARGET_10)",
					"$(LIBRARY_SEARCH_PATHS_QUOTED_FOR_TARGET_11)",
					"$(LIBRARY_SEARCH_PATHS_QUOTED_FOR_TARGET_12)",
					"$(LIBRARY_SEARCH_PATHS_QUOTED_FOR_TARGET_13)",
					"$(LIBRARY_SEARCH_PATHS_QUOTED_FOR_TARGET_16)",
					"$(LIBRARY_SEARCH_PATHS_QUOTED_FOR_TARGET_17)",
					"$(LIBRARY_SEARCH_PATHS_QUOTED_FOR_TARGET_18)",
					"$(LIBRARY_SEARCH_PATHS_QUOTED_FOR_TARGET_19)",
					"$(LIBRARY_SEARCH_PATHS_QUOTED_FOR_TARGET_20)",
					"$(LIBRARY_SEARCH_PATHS_QUOTED_FOR_TARGET_21)",
					"$(LIBRARY_SEARCH_PATHS_QUOTED_FOR_TARGET_22)",
					"$(LIBRARY_SEARCH_PATHS_QUOTED_FOR_TARGET_23)",
					"$(LIBRARY_SEARCH_PATHS_QUOTED_FOR_TARGET_24)",
					"$(LIBRARY_SEARCH_PATHS_QUOTED_FOR_TARGET_25)",
					"$(LIBRARY_SEARCH_PATHS_QUOTED_FOR_TARGET_26)",
					"$(LIBRARY_SEARCH_PATHS_QUOTED_FOR_TARGET_27)",
					"$(LIBRARY_SEARCH_PATHS_QUOTED_FOR_TARGET_28)",
					"$(LIBRARY_SEARCH_PATHS_QUOTED_FOR_TARGET_29)",
					"$(LIBRARY_SEARCH_PATHS_QUOTED_FOR_TARGET_30)",
					"$(LIBRARY_SEARCH_PATHS_QUOTED_FOR_TARGET_31)",
					"$(LIBRARY_SEARCH_PATHS_QUOTED_FOR_TARGET_32)",
					"$(LIBRARY_SEARCH_PATHS_QUOTED_FOR_TARGET_33)",
					"$(LIBRARY_SEARCH_PATHS_QUOTED_FOR_TARGET_34)",
					"$(LIBRARY_SEARCH_PATHS_QUOTED_FOR_TARGET_35)",
					"$(LIBRARY_SEARCH_PATHS_QUOTED_FOR_TARGET_36)",
					"$(LIBRARY_SEARCH_PATHS_QUOTED_FOR_TARGET_37)",
					"$(LIBRARY_SEARCH_PATHS_QUOTED_FOR_TARGET_38)",
					"$(LIBRARY_SEARCH_PATHS_QUOTED_FOR_TARGET_39)",
					"$(LIBRARY_SEARCH_PATHS_QUOTED_FOR_TARGET_40)",
					"$(LIBRARY_SEARCH_PATHS_QUOTED_FOR_TARGET_41)",
					"$(LIBRARY_SEARCH_PATHS_QUOTED_FOR_TARGET_42)",
					"$(LIBRARY_SEARCH_PATHS_QUOTED_FOR_TARGET_43)",
					"$(LIBRARY_SEARCH_PATHS_QUOTED_FOR_TARGET_44)",
					"$(LIBRARY_SEARCH_PATHS_QUOTED_FOR_TARGET_45)",
					"$(LIBRARY_SEARCH_PATHS_QUOTED_FOR_TARGET_46)",
					"$(LIBRARY_SEARCH_PATHS_QUOTED_FOR_TARGET_47)",
					"$(LIBRARY_SEARCH_PATHS_QUOTED_FOR_TARGET_48)",
					"$(LIBRARY_SEARCH_PATHS_QUOTED_FOR_TARGET_49)",
					"$(LIBRARY_SEARCH_PATHS_QUOTED_FOR_TARGET_50)",
					"$(LIBRARY_SEARCH_PATHS_QUOTED_FOR_TARGET_51)",
					"$(LIBRARY_SEARCH_PATHS_QUOTED_FOR_TARGET_1)",
					"$(LIBRARY_SEARCH_PATHS_QUOTED_FOR_TARGET_2)",
					"\"$(SRCROOT)/../../../openFrameworks/addons/ofxOpenNI/mac/copy_to_data_openni_path/lib\"",
					"\"$(SRCROOT)/../../../openFrameworks/addons/ofxOpenNI/mac/copy_to_data_openni_path/lib\"",
				);
				LIBRARY_SEARCH_PATHS_QUOTED_FOR_TARGET_1 = "\"$(SRCROOT)/../../../openFrameworks/addons/ofxOpenNI/mac/copy_to_data_openni_path/lib\"";
				LIBRARY_SEARCH_PATHS_QUOTED_FOR_TARGET_2 = "\"$(SRCROOT)/../../../openFrameworks/addons/ofxOpenNI/mac/copy_to_data_openni_path/lib\"";
				ONLY_ACTIVE_ARCH = YES;
				PRODUCT_NAME = kinectTrackerRealTime;
				SDKROOT = macosx;
				WRAPPER_EXTENSION = app;
			};
			name = Release;
		};
/* End XCBuildConfiguration section */

/* Begin XCConfigurationList section */
		E4B69B4D0A3A1720003C02F2 /* Build configuration list for PBXProject "kinectTrackerRealTime" */ = {
			isa = XCConfigurationList;
			buildConfigurations = (
				E4B69B4E0A3A1720003C02F2 /* Debug */,
				E4B69B4F0A3A1720003C02F2 /* Release */,
			);
			defaultConfigurationIsVisible = 0;
			defaultConfigurationName = Release;
		};
		E4B69B5F0A3A1757003C02F2 /* Build configuration list for PBXNativeTarget "kinectTrackerRealTime" */ = {
			isa = XCConfigurationList;
			buildConfigurations = (
				E4B69B600A3A1757003C02F2 /* Debug */,
				E4B69B610A3A1757003C02F2 /* Release */,
			);
			defaultConfigurationIsVisible = 0;
			defaultConfigurationName = Release;
		};
/* End XCConfigurationList section */
	};
	rootObject = E4B69B4C0A3A1720003C02F2 /* Project object */;
}
